
Microsoft Visual Studio Solution File, Format Version 12.00
# Visual Studio Version 17
VisualStudioVersion = 17.8.34511.84
MinimumVisualStudioVersion = 10.0.40219.1
Project("{FAE04EC0-301F-11D3-BF4B-00C04F79EFBC}") = "CacheApp", "CacheApp\CacheApp.csproj", "{AA16144C-A02D-42F7-8225-2BD916AF7715}"
EndProject
Global
	GlobalSection(SolutionConfigurationPlatforms) = preSolution
		Debug|Any CPU = Debug|Any CPU
		Release|Any CPU = Release|Any CPU
	EndGlobalSection
	GlobalSection(ProjectConfigurationPlatforms) = postSolution
		{AA16144C-A02D-42F7-8225-2BD916AF7715}.Debug|Any CPU.ActiveCfg = Debug|Any CPU
		{AA16144C-A02D-42F7-8225-2BD916AF7715}.Debug|Any CPU.Build.0 = Debug|Any CPU
		{AA16144C-A02D-42F7-8225-2BD916AF7715}.Release|Any CPU.ActiveCfg = Release|Any CPU
		{AA16144C-A02D-42F7-8225-2BD916AF7715}.Release|Any CPU.Build.0 = Release|Any CPU
	EndGlobalSection
	GlobalSection(SolutionProperties) = preSolution
		HideSolutionNode = FALSE
	EndGlobalSection
	GlobalSection(ExtensibilityGlobals) = postSolution
		SolutionGuid = {F93538AC-259D-4232-872D-57E051F88612}
	EndGlobalSection
EndGlobal
